
Microsoft Visual Studio Solution File, Format Version 12.00
# Visual Studio Version 17
VisualStudioVersion = 17.9.34714.143
MinimumVisualStudioVersion = 10.0.40219.1
Project("{9A19103F-16F7-4668-BE54-9A1E7A4F7556}") = "Company", "Company\Company.csproj", "{A81BA9A6-F7F7-42CB-A5BD-2D2543EFB6D6}"
EndProject
Project("{9A19103F-16F7-4668-BE54-9A1E7A4F7556}") = "Company.Core", "Models\Company.Core.csproj", "{83FC2E0C-6CD5-43E3-B8C2-0DA10B3D9700}"
EndProject
Global
	GlobalSection(SolutionConfigurationPlatforms) = preSolution
		Debug|Any CPU = Debug|Any CPU
		Release|Any CPU = Release|Any CPU
	EndGlobalSection
	GlobalSection(ProjectConfigurationPlatforms) = postSolution
		{A81BA9A6-F7F7-42CB-A5BD-2D2543EFB6D6}.Debug|Any CPU.ActiveCfg = Debug|Any CPU
		{A81BA9A6-F7F7-42CB-A5BD-2D2543EFB6D6}.Debug|Any CPU.Build.0 = Debug|Any CPU
		{A81BA9A6-F7F7-42CB-A5BD-2D2543EFB6D6}.Release|Any CPU.ActiveCfg = Release|Any CPU
		{A81BA9A6-F7F7-42CB-A5BD-2D2543EFB6D6}.Release|Any CPU.Build.0 = Release|Any CPU
		{83FC2E0C-6CD5-43E3-B8C2-0DA10B3D9700}.Debug|Any CPU.ActiveCfg = Debug|Any CPU
		{83FC2E0C-6CD5-43E3-B8C2-0DA10B3D9700}.Debug|Any CPU.Build.0 = Debug|Any CPU
		{83FC2E0C-6CD5-43E3-B8C2-0DA10B3D9700}.Release|Any CPU.ActiveCfg = Release|Any CPU
		{83FC2E0C-6CD5-43E3-B8C2-0DA10B3D9700}.Release|Any CPU.Build.0 = Release|Any CPU
	EndGlobalSection
	GlobalSection(SolutionProperties) = preSolution
		HideSolutionNode = FALSE
	EndGlobalSection
	GlobalSection(ExtensibilityGlobals) = postSolution
		SolutionGuid = {5CA345B5-C13A-4445-B605-3250FDB78990}
	EndGlobalSection
EndGlobal
